
Microsoft Visual Studio Solution File, Format Version 12.00
# Visual Studio Version 17
VisualStudioVersion = 17.4.33122.133
MinimumVisualStudioVersion = 10.0.40219.1
Project("{FAE04EC0-301F-11D3-BF4B-00C04F79EFBC}") = "Task1", "Task1\Task1.csproj", "{EF758D8F-A86D-4009-A744-C7E5CF25E801}"
EndProject
Project("{FAE04EC0-301F-11D3-BF4B-00C04F79EFBC}") = "Task2", "Task2\Task2.csproj", "{D25B4687-49A2-4FF3-B6C8-C4AD6E33D3BC}"
EndProject
Global
	GlobalSection(SolutionConfigurationPlatforms) = preSolution
		Debug|Any CPU = Debug|Any CPU
		Release|Any CPU = Release|Any CPU
	EndGlobalSection
	GlobalSection(ProjectConfigurationPlatforms) = postSolution
		{EF758D8F-A86D-4009-A744-C7E5CF25E801}.Debug|Any CPU.ActiveCfg = Debug|Any CPU
		{EF758D8F-A86D-4009-A744-C7E5CF25E801}.Debug|Any CPU.Build.0 = Debug|Any CPU
		{EF758D8F-A86D-4009-A744-C7E5CF25E801}.Release|Any CPU.ActiveCfg = Release|Any CPU
		{EF758D8F-A86D-4009-A744-C7E5CF25E801}.Release|Any CPU.Build.0 = Release|Any CPU
		{D25B4687-49A2-4FF3-B6C8-C4AD6E33D3BC}.Debug|Any CPU.ActiveCfg = Debug|Any CPU
		{D25B4687-49A2-4FF3-B6C8-C4AD6E33D3BC}.Debug|Any CPU.Build.0 = Debug|Any CPU
		{D25B4687-49A2-4FF3-B6C8-C4AD6E33D3BC}.Release|Any CPU.ActiveCfg = Release|Any CPU
		{D25B4687-49A2-4FF3-B6C8-C4AD6E33D3BC}.Release|Any CPU.Build.0 = Release|Any CPU
	EndGlobalSection
	GlobalSection(SolutionProperties) = preSolution
		HideSolutionNode = FALSE
	EndGlobalSection
	GlobalSection(ExtensibilityGlobals) = postSolution
		SolutionGuid = {FB292FF4-EAC4-4A17-96C1-1A63633BED52}
	EndGlobalSection
EndGlobal
